
Microsoft Visual Studio Solution File, Format Version 12.00
# Visual Studio Version 17
VisualStudioVersion = 17.8.34525.116
MinimumVisualStudioVersion = 10.0.40219.1
Project("{9A19103F-16F7-4668-BE54-9A1E7A4F7556}") = "LibraryManagementSystem.Web", "LibraryManagementSystem.Web\LibraryManagementSystem.Web.csproj", "{9C1D25F1-59AC-42D3-8EB0-B23737041672}"
EndProject
Project("{9A19103F-16F7-4668-BE54-9A1E7A4F7556}") = "LibraryManagementSystem.Common", "LibraryManagementSystem.Common\LibraryManagementSystem.Common.csproj", "{0134B322-BE1D-4FA9-9B53-51CA3BD796C2}"
EndProject
Project("{2150E333-8FDC-42A3-9474-1A3956D46DE8}") = "Web", "Web", "{5318D9DD-BC00-4D01-8200-AE21D4C5DB3D}"
EndProject
Project("{2150E333-8FDC-42A3-9474-1A3956D46DE8}") = "Data", "Data", "{32F5EAC9-574B-441C-819F-D1022A857B7A}"
EndProject
Project("{9A19103F-16F7-4668-BE54-9A1E7A4F7556}") = "LibraryManagementSystem.Data", "LibraryManagementSystem.Data\LibraryManagementSystem.Data.csproj", "{CE9E37CE-738E-42D5-B02E-F40AA5BDC99D}"
EndProject
Project("{9A19103F-16F7-4668-BE54-9A1E7A4F7556}") = "LibraryManagementSystem.Data.Models", "LibraryManagementSystem.Data.Models\LibraryManagementSystem.Data.Models.csproj", "{51BBE7D8-814E-41BD-B386-6BB68E952AC1}"
EndProject
Project("{9A19103F-16F7-4668-BE54-9A1E7A4F7556}") = "LibraryManagementSystem.Web.ViewModels", "LibraryManagementSystem.Web.ViewModels\LibraryManagementSystem.Web.ViewModels.csproj", "{C4DD3486-C69B-4C6A-933F-95620080D45A}"
EndProject
Project("{2150E333-8FDC-42A3-9474-1A3956D46DE8}") = "Services", "Services", "{A57007F2-869E-4D0F-933F-92F32545BBE2}"
EndProject
Project("{9A19103F-16F7-4668-BE54-9A1E7A4F7556}") = "LibraryManagementSystem.Services.Data", "LibraryManagementSystem.Services.Data\LibraryManagementSystem.Services.Data.csproj", "{FF182441-F7A9-42A4-94F7-5CA1A9B36E46}"
EndProject
Project("{9A19103F-16F7-4668-BE54-9A1E7A4F7556}") = "LibraryManagementSystem.Web.Infrastructure", "LibraryManagementSystem.Web.Infrastructure\LibraryManagementSystem.Web.Infrastructure.csproj", "{39BFD491-6F5C-4BFB-A03E-0D91B43C87E3}"
EndProject
Project("{9A19103F-16F7-4668-BE54-9A1E7A4F7556}") = "LibraryManagementSystem.Services.Data.Models", "LibraryManagementSystem.Services.Data.Models\LibraryManagementSystem.Services.Data.Models.csproj", "{F83D6343-24C7-4C18-BD62-FE846505D2A5}"
EndProject
Project("{2150E333-8FDC-42A3-9474-1A3956D46DE8}") = "Tests", "Tests", "{33CDF2F2-7209-480A-B95F-B4957A9C002B}"
EndProject
Project("{FAE04EC0-301F-11D3-BF4B-00C04F79EFBC}") = "LibraryManagementSystem.Services.Tests", "LibraryManagementSystem.Services.Tests\LibraryManagementSystem.Services.Tests.csproj", "{37F7D1E4-70AE-4824-AF8F-8FD02DC01B32}"
EndProject
Global
	GlobalSection(SolutionConfigurationPlatforms) = preSolution
		Debug|Any CPU = Debug|Any CPU
		Release|Any CPU = Release|Any CPU
	EndGlobalSection
	GlobalSection(ProjectConfigurationPlatforms) = postSolution
		{9C1D25F1-59AC-42D3-8EB0-B23737041672}.Debug|Any CPU.ActiveCfg = Debug|Any CPU
		{9C1D25F1-59AC-42D3-8EB0-B23737041672}.Debug|Any CPU.Build.0 = Debug|Any CPU
		{9C1D25F1-59AC-42D3-8EB0-B23737041672}.Release|Any CPU.ActiveCfg = Release|Any CPU
		{9C1D25F1-59AC-42D3-8EB0-B23737041672}.Release|Any CPU.Build.0 = Release|Any CPU
		{0134B322-BE1D-4FA9-9B53-51CA3BD796C2}.Debug|Any CPU.ActiveCfg = Debug|Any CPU
		{0134B322-BE1D-4FA9-9B53-51CA3BD796C2}.Debug|Any CPU.Build.0 = Debug|Any CPU
		{0134B322-BE1D-4FA9-9B53-51CA3BD796C2}.Release|Any CPU.ActiveCfg = Release|Any CPU
		{0134B322-BE1D-4FA9-9B53-51CA3BD796C2}.Release|Any CPU.Build.0 = Release|Any CPU
		{CE9E37CE-738E-42D5-B02E-F40AA5BDC99D}.Debug|Any CPU.ActiveCfg = Debug|Any CPU
		{CE9E37CE-738E-42D5-B02E-F40AA5BDC99D}.Debug|Any CPU.Build.0 = Debug|Any CPU
		{CE9E37CE-738E-42D5-B02E-F40AA5BDC99D}.Release|Any CPU.ActiveCfg = Release|Any CPU
		{CE9E37CE-738E-42D5-B02E-F40AA5BDC99D}.Release|Any CPU.Build.0 = Release|Any CPU
		{51BBE7D8-814E-41BD-B386-6BB68E952AC1}.Debug|Any CPU.ActiveCfg = Debug|Any CPU
		{51BBE7D8-814E-41BD-B386-6BB68E952AC1}.Debug|Any CPU.Build.0 = Debug|Any CPU
		{51BBE7D8-814E-41BD-B386-6BB68E952AC1}.Release|Any CPU.ActiveCfg = Release|Any CPU
		{51BBE7D8-814E-41BD-B386-6BB68E952AC1}.Release|Any CPU.Build.0 = Release|Any CPU
		{C4DD3486-C69B-4C6A-933F-95620080D45A}.Debug|Any CPU.ActiveCfg = Debug|Any CPU
		{C4DD3486-C69B-4C6A-933F-95620080D45A}.Debug|Any CPU.Build.0 = Debug|Any CPU
		{C4DD3486-C69B-4C6A-933F-95620080D45A}.Release|Any CPU.ActiveCfg = Release|Any CPU
		{C4DD3486-C69B-4C6A-933F-95620080D45A}.Release|Any CPU.Build.0 = Release|Any CPU
		{FF182441-F7A9-42A4-94F7-5CA1A9B36E46}.Debug|Any CPU.ActiveCfg = Debug|Any CPU
		{FF182441-F7A9-42A4-94F7-5CA1A9B36E46}.Debug|Any CPU.Build.0 = Debug|Any CPU
		{FF182441-F7A9-42A4-94F7-5CA1A9B36E46}.Release|Any CPU.ActiveCfg = Release|Any CPU
		{FF182441-F7A9-42A4-94F7-5CA1A9B36E46}.Release|Any CPU.Build.0 = Release|Any CPU
		{39BFD491-6F5C-4BFB-A03E-0D91B43C87E3}.Debug|Any CPU.ActiveCfg = Debug|Any CPU
		{39BFD491-6F5C-4BFB-A03E-0D91B43C87E3}.Debug|Any CPU.Build.0 = Debug|Any CPU
		{39BFD491-6F5C-4BFB-A03E-0D91B43C87E3}.Release|Any CPU.ActiveCfg = Release|Any CPU
		{39BFD491-6F5C-4BFB-A03E-0D91B43C87E3}.Release|Any CPU.Build.0 = Release|Any CPU
		{F83D6343-24C7-4C18-BD62-FE846505D2A5}.Debug|Any CPU.ActiveCfg = Debug|Any CPU
		{F83D6343-24C7-4C18-BD62-FE846505D2A5}.Debug|Any CPU.Build.0 = Debug|Any CPU
		{F83D6343-24C7-4C18-BD62-FE846505D2A5}.Release|Any CPU.ActiveCfg = Release|Any CPU
		{F83D6343-24C7-4C18-BD62-FE846505D2A5}.Release|Any CPU.Build.0 = Release|Any CPU
		{37F7D1E4-70AE-4824-AF8F-8FD02DC01B32}.Debug|Any CPU.ActiveCfg = Debug|Any CPU
		{37F7D1E4-70AE-4824-AF8F-8FD02DC01B32}.Debug|Any CPU.Build.0 = Debug|Any CPU
		{37F7D1E4-70AE-4824-AF8F-8FD02DC01B32}.Release|Any CPU.ActiveCfg = Release|Any CPU
		{37F7D1E4-70AE-4824-AF8F-8FD02DC01B32}.Release|Any CPU.Build.0 = Release|Any CPU
	EndGlobalSection
	GlobalSection(SolutionProperties) = preSolution
		HideSolutionNode = FALSE
	EndGlobalSection
	GlobalSection(NestedProjects) = preSolution
		{9C1D25F1-59AC-42D3-8EB0-B23737041672} = {5318D9DD-BC00-4D01-8200-AE21D4C5DB3D}
		{CE9E37CE-738E-42D5-B02E-F40AA5BDC99D} = {32F5EAC9-574B-441C-819F-D1022A857B7A}
		{51BBE7D8-814E-41BD-B386-6BB68E952AC1} = {32F5EAC9-574B-441C-819F-D1022A857B7A}
		{C4DD3486-C69B-4C6A-933F-95620080D45A} = {5318D9DD-BC00-4D01-8200-AE21D4C5DB3D}
		{FF182441-F7A9-42A4-94F7-5CA1A9B36E46} = {A57007F2-869E-4D0F-933F-92F32545BBE2}
		{39BFD491-6F5C-4BFB-A03E-0D91B43C87E3} = {5318D9DD-BC00-4D01-8200-AE21D4C5DB3D}
		{F83D6343-24C7-4C18-BD62-FE846505D2A5} = {A57007F2-869E-4D0F-933F-92F32545BBE2}
		{37F7D1E4-70AE-4824-AF8F-8FD02DC01B32} = {33CDF2F2-7209-480A-B95F-B4957A9C002B}
	EndGlobalSection
	GlobalSection(ExtensibilityGlobals) = postSolution
		SolutionGuid = {55C465AA-15E0-40F8-BC22-CDFA0188FFF4}
	EndGlobalSection
EndGlobal
