
Microsoft Visual Studio Solution File, Format Version 12.00
# Visual Studio Version 17
VisualStudioVersion = 17.8.34525.116
MinimumVisualStudioVersion = 10.0.40219.1
Project("{9A19103F-16F7-4668-BE54-9A1E7A4F7556}") = "LibraryManagementSystem.Web", "LibraryManagementSystem.Web\LibraryManagementSystem.Web.csproj", "{9C1D25F1-59AC-42D3-8EB0-B23737041672}"
EndProject
Project("{9A19103F-16F7-4668-BE54-9A1E7A4F7556}") = "LibraryManagementSystem.Common", "LibraryManagementSystem.Common\LibraryManagementSystem.Common.csproj", "{0134B322-BE1D-4FA9-9B53-51CA3BD796C2}"
EndProject
Project("{2150E333-8FDC-42A3-9474-1A3956D46DE8}") = "Web", "Web", "{5318D9DD-BC00-4D01-8200-AE21D4C5DB3D}"
EndProject
Project("{2150E333-8FDC-42A3-9474-1A3956D46DE8}") = "Data", "Data", "{32F5EAC9-574B-441C-819F-D1022A857B7A}"
EndProject
Project("{9A19103F-16F7-4668-BE54-9A1E7A4F7556}") = "LibraryManagementSystem.Data", "LibraryManagementSystem.Data\LibraryManagementSystem.Data.csproj", "{CE9E37CE-738E-42D5-B02E-F40AA5BDC99D}"
EndProject
Project("{9A19103F-16F7-4668-BE54-9A1E7A4F7556}") = "LibraryManagementSystem.Data.Models", "LibraryManagementSystem.Data.Models\LibraryManagementSystem.Data.Models.csproj", "{51BBE7D8-814E-41BD-B386-6BB68E952AC1}"
EndProject
Project("{9A19103F-16F7-4668-BE54-9A1E7A4F7556}") = "LibraryManagementSystem.Web.ViewModels", "LibraryManagementSystem.Web.ViewModels\LibraryManagementSystem.Web.ViewModels.csproj", "{C4DD3486-C69B-4C6A-933F-95620080D45A}"
EndProject
Global
	GlobalSection(SolutionConfigurationPlatforms) = preSolution
		Debug|Any CPU = Debug|Any CPU
		Release|Any CPU = Release|Any CPU
	EndGlobalSection
	GlobalSection(ProjectConfigurationPlatforms) = postSolution
		{9C1D25F1-59AC-42D3-8EB0-B23737041672}.Debug|Any CPU.ActiveCfg = Debug|Any CPU
		{9C1D25F1-59AC-42D3-8EB0-B23737041672}.Debug|Any CPU.Build.0 = Debug|Any CPU
		{9C1D25F1-59AC-42D3-8EB0-B23737041672}.Release|Any CPU.ActiveCfg = Release|Any CPU
		{9C1D25F1-59AC-42D3-8EB0-B23737041672}.Release|Any CPU.Build.0 = Release|Any CPU
		{0134B322-BE1D-4FA9-9B53-51CA3BD796C2}.Debug|Any CPU.ActiveCfg = Debug|Any CPU
		{0134B322-BE1D-4FA9-9B53-51CA3BD796C2}.Debug|Any CPU.Build.0 = Debug|Any CPU
		{0134B322-BE1D-4FA9-9B53-51CA3BD796C2}.Release|Any CPU.ActiveCfg = Release|Any CPU
		{0134B322-BE1D-4FA9-9B53-51CA3BD796C2}.Release|Any CPU.Build.0 = Release|Any CPU
		{CE9E37CE-738E-42D5-B02E-F40AA5BDC99D}.Debug|Any CPU.ActiveCfg = Debug|Any CPU
		{CE9E37CE-738E-42D5-B02E-F40AA5BDC99D}.Debug|Any CPU.Build.0 = Debug|Any CPU
		{CE9E37CE-738E-42D5-B02E-F40AA5BDC99D}.Release|Any CPU.ActiveCfg = Release|Any CPU
		{CE9E37CE-738E-42D5-B02E-F40AA5BDC99D}.Release|Any CPU.Build.0 = Release|Any CPU
		{51BBE7D8-814E-41BD-B386-6BB68E952AC1}.Debug|Any CPU.ActiveCfg = Debug|Any CPU
		{51BBE7D8-814E-41BD-B386-6BB68E952AC1}.Debug|Any CPU.Build.0 = Debug|Any CPU
		{51BBE7D8-814E-41BD-B386-6BB68E952AC1}.Release|Any CPU.ActiveCfg = Release|Any CPU
		{51BBE7D8-814E-41BD-B386-6BB68E952AC1}.Release|Any CPU.Build.0 = Release|Any CPU
		{C4DD3486-C69B-4C6A-933F-95620080D45A}.Debug|Any CPU.ActiveCfg = Debug|Any CPU
		{C4DD3486-C69B-4C6A-933F-95620080D45A}.Debug|Any CPU.Build.0 = Debug|Any CPU
		{C4DD3486-C69B-4C6A-933F-95620080D45A}.Release|Any CPU.ActiveCfg = Release|Any CPU
		{C4DD3486-C69B-4C6A-933F-95620080D45A}.Release|Any CPU.Build.0 = Release|Any CPU
	EndGlobalSection
	GlobalSection(SolutionProperties) = preSolution
		HideSolutionNode = FALSE
	EndGlobalSection
	GlobalSection(NestedProjects) = preSolution
		{9C1D25F1-59AC-42D3-8EB0-B23737041672} = {5318D9DD-BC00-4D01-8200-AE21D4C5DB3D}
		{CE9E37CE-738E-42D5-B02E-F40AA5BDC99D} = {32F5EAC9-574B-441C-819F-D1022A857B7A}
		{51BBE7D8-814E-41BD-B386-6BB68E952AC1} = {32F5EAC9-574B-441C-819F-D1022A857B7A}
		{C4DD3486-C69B-4C6A-933F-95620080D45A} = {5318D9DD-BC00-4D01-8200-AE21D4C5DB3D}
	EndGlobalSection
	GlobalSection(ExtensibilityGlobals) = postSolution
		SolutionGuid = {55C465AA-15E0-40F8-BC22-CDFA0188FFF4}
	EndGlobalSection
EndGlobal
